
Microsoft Visual Studio Solution File, Format Version 12.00
# Visual Studio Version 16
VisualStudioVersion = 16.0.31313.79
MinimumVisualStudioVersion = 10.0.40219.1
Project("{FAE04EC0-301F-11D3-BF4B-00C04F79EFBC}") = "TestCsharpToSQL", "CsharpToSQL\TestCsharpToSQL.csproj", "{19EE7D42-9DEA-4334-9862-4C48C1CF7D2B}"
EndProject
Project("{FAE04EC0-301F-11D3-BF4B-00C04F79EFBC}") = "CSharpToSqlLib", "CSharpToSqlLib\CSharpToSqlLib.csproj", "{1EF258AD-706A-44A6-B5AE-BBB119DB4A0F}"
EndProject
Global
	GlobalSection(SolutionConfigurationPlatforms) = preSolution
		Debug|Any CPU = Debug|Any CPU
		Release|Any CPU = Release|Any CPU
	EndGlobalSection
	GlobalSection(ProjectConfigurationPlatforms) = postSolution
		{19EE7D42-9DEA-4334-9862-4C48C1CF7D2B}.Debug|Any CPU.ActiveCfg = Debug|Any CPU
		{19EE7D42-9DEA-4334-9862-4C48C1CF7D2B}.Debug|Any CPU.Build.0 = Debug|Any CPU
		{19EE7D42-9DEA-4334-9862-4C48C1CF7D2B}.Release|Any CPU.ActiveCfg = Release|Any CPU
		{19EE7D42-9DEA-4334-9862-4C48C1CF7D2B}.Release|Any CPU.Build.0 = Release|Any CPU
		{1EF258AD-706A-44A6-B5AE-BBB119DB4A0F}.Debug|Any CPU.ActiveCfg = Debug|Any CPU
		{1EF258AD-706A-44A6-B5AE-BBB119DB4A0F}.Debug|Any CPU.Build.0 = Debug|Any CPU
		{1EF258AD-706A-44A6-B5AE-BBB119DB4A0F}.Release|Any CPU.ActiveCfg = Release|Any CPU
		{1EF258AD-706A-44A6-B5AE-BBB119DB4A0F}.Release|Any CPU.Build.0 = Release|Any CPU
	EndGlobalSection
	GlobalSection(SolutionProperties) = preSolution
		HideSolutionNode = FALSE
	EndGlobalSection
	GlobalSection(ExtensibilityGlobals) = postSolution
		SolutionGuid = {C1D65728-A868-4430-8E9A-C7809EE1858F}
	EndGlobalSection
EndGlobal
